// !$*UTF8*$!
{
	archiveVersion = 1;
	classes = {
	};
	objectVersion = 46;
	objects = {

/* Begin PBXBuildFile section */
		3F416C191E6C910E0039BCE6 /* PreferencesController.swift in Sources */ = {isa = PBXBuildFile; fileRef = 3F416C181E6C910E0039BCE6 /* PreferencesController.swift */; };
		3F416C1B1E6C917A0039BCE6 /* Preferences.plist in Resources */ = {isa = PBXBuildFile; fileRef = 3F416C1A1E6C917A0039BCE6 /* Preferences.plist */; };
		3F63FD261E7B6C5A00CB37AA /* InputTextField.swift in Sources */ = {isa = PBXBuildFile; fileRef = 3F63FD251E7B6C5A00CB37AA /* InputTextField.swift */; };
		3F63FD2A1E7B770F00CB37AA /* DigitOnlyFormatter.swift in Sources */ = {isa = PBXBuildFile; fileRef = 3F63FD291E7B770F00CB37AA /* DigitOnlyFormatter.swift */; };
		3F63FD2D1E7C881B00CB37AA /* RequestManager.swift in Sources */ = {isa = PBXBuildFile; fileRef = 3F63FD2C1E7C881B00CB37AA /* RequestManager.swift */; };
		3F63FD301E7C9C4A00CB37AA /* Alamofire.framework in Frameworks */ = {isa = PBXBuildFile; fileRef = 3F63FD2E1E7C9C4A00CB37AA /* Alamofire.framework */; };
		3F63FD311E7C9C4A00CB37AA /* SwiftyJSON.framework in Frameworks */ = {isa = PBXBuildFile; fileRef = 3F63FD2F1E7C9C4A00CB37AA /* SwiftyJSON.framework */; };
		3F63FD341E7C9C5400CB37AA /* Alamofire.framework.dSYM in Resources */ = {isa = PBXBuildFile; fileRef = 3F63FD321E7C9C5400CB37AA /* Alamofire.framework.dSYM */; };
		3F63FD351E7C9C5400CB37AA /* SwiftyJSON.framework.dSYM in Resources */ = {isa = PBXBuildFile; fileRef = 3F63FD331E7C9C5400CB37AA /* SwiftyJSON.framework.dSYM */; };
		3F63FD381E7C9C5B00CB37AA /* Alamofire.framework.dSYM in CopyFiles */ = {isa = PBXBuildFile; fileRef = 3F63FD361E7C9C5B00CB37AA /* Alamofire.framework.dSYM */; };
		3F63FD391E7C9C5B00CB37AA /* SwiftyJSON.framework.dSYM in CopyFiles */ = {isa = PBXBuildFile; fileRef = 3F63FD371E7C9C5B00CB37AA /* SwiftyJSON.framework.dSYM */; };
		3F63FD3C1E7C9C6300CB37AA /* Alamofire.framework in CopyFiles */ = {isa = PBXBuildFile; fileRef = 3F63FD3A1E7C9C6300CB37AA /* Alamofire.framework */; settings = {ATTRIBUTES = (CodeSignOnCopy, RemoveHeadersOnCopy, ); }; };
		3F63FD3D1E7C9C6300CB37AA /* SwiftyJSON.framework in CopyFiles */ = {isa = PBXBuildFile; fileRef = 3F63FD3B1E7C9C6300CB37AA /* SwiftyJSON.framework */; settings = {ATTRIBUTES = (CodeSignOnCopy, RemoveHeadersOnCopy, ); }; };
		3F97C32D1E6A6F060030E861 /* AppDelegate.swift in Sources */ = {isa = PBXBuildFile; fileRef = 3F97C32C1E6A6F060030E861 /* AppDelegate.swift */; };
		3F97C32F1E6A6F060030E861 /* Assets.xcassets in Resources */ = {isa = PBXBuildFile; fileRef = 3F97C32E1E6A6F060030E861 /* Assets.xcassets */; };
		3F97C3321E6A6F060030E861 /* MainMenu.xib in Resources */ = {isa = PBXBuildFile; fileRef = 3F97C3301E6A6F060030E861 /* MainMenu.xib */; };
		3F97C33D1E6A6F060030E861 /* TekkyUITests.swift in Sources */ = {isa = PBXBuildFile; fileRef = 3F97C33C1E6A6F060030E861 /* TekkyUITests.swift */; };
		3FBB9B2E1E6B0BA700F849A1 /* RxCocoa.framework in Frameworks */ = {isa = PBXBuildFile; fileRef = 3FBB9B2A1E6B0BA700F849A1 /* RxCocoa.framework */; };
		3FBB9B2F1E6B0BA700F849A1 /* RxSwift.framework in Frameworks */ = {isa = PBXBuildFile; fileRef = 3FBB9B2B1E6B0BA700F849A1 /* RxSwift.framework */; };
		3FBB9B361E6B0BF500F849A1 /* RxBlocking.framework.dSYM in CopyFiles */ = {isa = PBXBuildFile; fileRef = 3FBB9B321E6B0BF500F849A1 /* RxBlocking.framework.dSYM */; };
		3FBB9B371E6B0BF500F849A1 /* RxCocoa.framework.dSYM in CopyFiles */ = {isa = PBXBuildFile; fileRef = 3FBB9B331E6B0BF500F849A1 /* RxCocoa.framework.dSYM */; };
		3FBB9B381E6B0BF500F849A1 /* RxSwift.framework.dSYM in CopyFiles */ = {isa = PBXBuildFile; fileRef = 3FBB9B341E6B0BF500F849A1 /* RxSwift.framework.dSYM */; };
		3FBB9B391E6B0BF500F849A1 /* RxTest.framework.dSYM in CopyFiles */ = {isa = PBXBuildFile; fileRef = 3FBB9B351E6B0BF500F849A1 /* RxTest.framework.dSYM */; };
		3FBB9B3C1E6B0CBB00F849A1 /* RxCocoa.framework.dSYM in Resources */ = {isa = PBXBuildFile; fileRef = 3FBB9B3A1E6B0CBB00F849A1 /* RxCocoa.framework.dSYM */; };
		3FBB9B3D1E6B0CBB00F849A1 /* RxSwift.framework.dSYM in Resources */ = {isa = PBXBuildFile; fileRef = 3FBB9B3B1E6B0CBB00F849A1 /* RxSwift.framework.dSYM */; };
		3FBB9B431E6B0D5C00F849A1 /* RxCocoa.framework in CopyFiles */ = {isa = PBXBuildFile; fileRef = 3FBB9B411E6B0D5C00F849A1 /* RxCocoa.framework */; settings = {ATTRIBUTES = (CodeSignOnCopy, RemoveHeadersOnCopy, ); }; };
		3FBB9B441E6B0D5C00F849A1 /* RxSwift.framework in CopyFiles */ = {isa = PBXBuildFile; fileRef = 3FBB9B421E6B0D5C00F849A1 /* RxSwift.framework */; settings = {ATTRIBUTES = (CodeSignOnCopy, RemoveHeadersOnCopy, ); }; };
/* End PBXBuildFile section */

/* Begin PBXContainerItemProxy section */
		3F97C3391E6A6F060030E861 /* PBXContainerItemProxy */ = {
			isa = PBXContainerItemProxy;
			containerPortal = 3F97C3211E6A6F050030E861 /* Project object */;
			proxyType = 1;
			remoteGlobalIDString = 3F97C3281E6A6F050030E861;
			remoteInfo = Tekky;
		};
/* End PBXContainerItemProxy section */

/* Begin PBXCopyFilesBuildPhase section */
		3FBB9B311E6B0BE800F849A1 /* CopyFiles */ = {
			isa = PBXCopyFilesBuildPhase;
			buildActionMask = 2147483647;
			dstPath = "";
			dstSubfolderSpec = 7;
			files = (
				3FBB9B361E6B0BF500F849A1 /* RxBlocking.framework.dSYM in CopyFiles */,
				3FBB9B371E6B0BF500F849A1 /* RxCocoa.framework.dSYM in CopyFiles */,
				3FBB9B381E6B0BF500F849A1 /* RxSwift.framework.dSYM in CopyFiles */,
				3F63FD381E7C9C5B00CB37AA /* Alamofire.framework.dSYM in CopyFiles */,
				3F63FD391E7C9C5B00CB37AA /* SwiftyJSON.framework.dSYM in CopyFiles */,
				3FBB9B391E6B0BF500F849A1 /* RxTest.framework.dSYM in CopyFiles */,
			);
			runOnlyForDeploymentPostprocessing = 0;
		};
		3FBB9B401E6B0D4500F849A1 /* CopyFiles */ = {
			isa = PBXCopyFilesBuildPhase;
			buildActionMask = 2147483647;
			dstPath = "";
			dstSubfolderSpec = 10;
			files = (
				3FBB9B431E6B0D5C00F849A1 /* RxCocoa.framework in CopyFiles */,
				3FBB9B441E6B0D5C00F849A1 /* RxSwift.framework in CopyFiles */,
				3F63FD3C1E7C9C6300CB37AA /* Alamofire.framework in CopyFiles */,
				3F63FD3D1E7C9C6300CB37AA /* SwiftyJSON.framework in CopyFiles */,
			);
			runOnlyForDeploymentPostprocessing = 0;
		};
/* End PBXCopyFilesBuildPhase section */

/* Begin PBXFileReference section */
		3F416C181E6C910E0039BCE6 /* PreferencesController.swift */ = {isa = PBXFileReference; fileEncoding = 4; lastKnownFileType = sourcecode.swift; path = PreferencesController.swift; sourceTree = "<group>"; };
		3F416C1A1E6C917A0039BCE6 /* Preferences.plist */ = {isa = PBXFileReference; fileEncoding = 4; lastKnownFileType = text.plist.xml; path = Preferences.plist; sourceTree = "<group>"; };
		3F63FD251E7B6C5A00CB37AA /* InputTextField.swift */ = {isa = PBXFileReference; fileEncoding = 4; lastKnownFileType = sourcecode.swift; path = InputTextField.swift; sourceTree = "<group>"; };
		3F63FD271E7B729300CB37AA /* Tekky.entitlements */ = {isa = PBXFileReference; lastKnownFileType = text.plist.entitlements; path = Tekky.entitlements; sourceTree = "<group>"; };
		3F63FD291E7B770F00CB37AA /* DigitOnlyFormatter.swift */ = {isa = PBXFileReference; fileEncoding = 4; lastKnownFileType = sourcecode.swift; path = DigitOnlyFormatter.swift; sourceTree = "<group>"; };
		3F63FD2C1E7C881B00CB37AA /* RequestManager.swift */ = {isa = PBXFileReference; fileEncoding = 4; lastKnownFileType = sourcecode.swift; path = RequestManager.swift; sourceTree = "<group>"; };
		3F63FD2E1E7C9C4A00CB37AA /* Alamofire.framework */ = {isa = PBXFileReference; lastKnownFileType = wrapper.framework; name = Alamofire.framework; path = Carthage/Build/Mac/Alamofire.framework; sourceTree = "<group>"; };
		3F63FD2F1E7C9C4A00CB37AA /* SwiftyJSON.framework */ = {isa = PBXFileReference; lastKnownFileType = wrapper.framework; name = SwiftyJSON.framework; path = Carthage/Build/Mac/SwiftyJSON.framework; sourceTree = "<group>"; };
		3F63FD321E7C9C5400CB37AA /* Alamofire.framework.dSYM */ = {isa = PBXFileReference; lastKnownFileType = wrapper.dsym; name = Alamofire.framework.dSYM; path = Carthage/Build/Mac/Alamofire.framework.dSYM; sourceTree = "<group>"; };
		3F63FD331E7C9C5400CB37AA /* SwiftyJSON.framework.dSYM */ = {isa = PBXFileReference; lastKnownFileType = wrapper.dsym; name = SwiftyJSON.framework.dSYM; path = Carthage/Build/Mac/SwiftyJSON.framework.dSYM; sourceTree = "<group>"; };
		3F63FD361E7C9C5B00CB37AA /* Alamofire.framework.dSYM */ = {isa = PBXFileReference; lastKnownFileType = wrapper.dsym; name = Alamofire.framework.dSYM; path = Carthage/Build/Mac/Alamofire.framework.dSYM; sourceTree = "<group>"; };
		3F63FD371E7C9C5B00CB37AA /* SwiftyJSON.framework.dSYM */ = {isa = PBXFileReference; lastKnownFileType = wrapper.dsym; name = SwiftyJSON.framework.dSYM; path = Carthage/Build/Mac/SwiftyJSON.framework.dSYM; sourceTree = "<group>"; };
		3F63FD3A1E7C9C6300CB37AA /* Alamofire.framework */ = {isa = PBXFileReference; lastKnownFileType = wrapper.framework; name = Alamofire.framework; path = Carthage/Build/Mac/Alamofire.framework; sourceTree = "<group>"; };
		3F63FD3B1E7C9C6300CB37AA /* SwiftyJSON.framework */ = {isa = PBXFileReference; lastKnownFileType = wrapper.framework; name = SwiftyJSON.framework; path = Carthage/Build/Mac/SwiftyJSON.framework; sourceTree = "<group>"; };
		3F97C3291E6A6F060030E861 /* Tekky.app */ = {isa = PBXFileReference; explicitFileType = wrapper.application; includeInIndex = 0; path = Tekky.app; sourceTree = BUILT_PRODUCTS_DIR; };
		3F97C32C1E6A6F060030E861 /* AppDelegate.swift */ = {isa = PBXFileReference; lastKnownFileType = sourcecode.swift; path = AppDelegate.swift; sourceTree = "<group>"; };
		3F97C32E1E6A6F060030E861 /* Assets.xcassets */ = {isa = PBXFileReference; lastKnownFileType = folder.assetcatalog; path = Assets.xcassets; sourceTree = "<group>"; };
		3F97C3311E6A6F060030E861 /* Base */ = {isa = PBXFileReference; lastKnownFileType = file.xib; name = Base; path = Base.lproj/MainMenu.xib; sourceTree = "<group>"; };
		3F97C3331E6A6F060030E861 /* Info.plist */ = {isa = PBXFileReference; lastKnownFileType = text.plist.xml; path = Info.plist; sourceTree = "<group>"; };
		3F97C3381E6A6F060030E861 /* TekkyUITests.xctest */ = {isa = PBXFileReference; explicitFileType = wrapper.cfbundle; includeInIndex = 0; path = TekkyUITests.xctest; sourceTree = BUILT_PRODUCTS_DIR; };
		3F97C33C1E6A6F060030E861 /* TekkyUITests.swift */ = {isa = PBXFileReference; lastKnownFileType = sourcecode.swift; path = TekkyUITests.swift; sourceTree = "<group>"; };
		3F97C33E1E6A6F060030E861 /* Info.plist */ = {isa = PBXFileReference; lastKnownFileType = text.plist.xml; path = Info.plist; sourceTree = "<group>"; };
		3FBB9B291E6B0BA700F849A1 /* RxBlocking.framework */ = {isa = PBXFileReference; lastKnownFileType = wrapper.framework; name = RxBlocking.framework; path = Carthage/Build/Mac/RxBlocking.framework; sourceTree = "<group>"; };
		3FBB9B2A1E6B0BA700F849A1 /* RxCocoa.framework */ = {isa = PBXFileReference; lastKnownFileType = wrapper.framework; name = RxCocoa.framework; path = Carthage/Build/Mac/RxCocoa.framework; sourceTree = "<group>"; };
		3FBB9B2B1E6B0BA700F849A1 /* RxSwift.framework */ = {isa = PBXFileReference; lastKnownFileType = wrapper.framework; name = RxSwift.framework; path = Carthage/Build/Mac/RxSwift.framework; sourceTree = "<group>"; };
		3FBB9B2C1E6B0BA700F849A1 /* RxTest.framework */ = {isa = PBXFileReference; lastKnownFileType = wrapper.framework; name = RxTest.framework; path = Carthage/Build/Mac/RxTest.framework; sourceTree = "<group>"; };
		3FBB9B321E6B0BF500F849A1 /* RxBlocking.framework.dSYM */ = {isa = PBXFileReference; lastKnownFileType = wrapper.dsym; name = RxBlocking.framework.dSYM; path = Carthage/Build/Mac/RxBlocking.framework.dSYM; sourceTree = "<group>"; };
		3FBB9B331E6B0BF500F849A1 /* RxCocoa.framework.dSYM */ = {isa = PBXFileReference; lastKnownFileType = wrapper.dsym; name = RxCocoa.framework.dSYM; path = Carthage/Build/Mac/RxCocoa.framework.dSYM; sourceTree = "<group>"; };
		3FBB9B341E6B0BF500F849A1 /* RxSwift.framework.dSYM */ = {isa = PBXFileReference; lastKnownFileType = wrapper.dsym; name = RxSwift.framework.dSYM; path = Carthage/Build/Mac/RxSwift.framework.dSYM; sourceTree = "<group>"; };
		3FBB9B351E6B0BF500F849A1 /* RxTest.framework.dSYM */ = {isa = PBXFileReference; lastKnownFileType = wrapper.dsym; name = RxTest.framework.dSYM; path = Carthage/Build/Mac/RxTest.framework.dSYM; sourceTree = "<group>"; };
		3FBB9B3A1E6B0CBB00F849A1 /* RxCocoa.framework.dSYM */ = {isa = PBXFileReference; lastKnownFileType = wrapper.dsym; name = RxCocoa.framework.dSYM; path = Carthage/Build/Mac/RxCocoa.framework.dSYM; sourceTree = "<group>"; };
		3FBB9B3B1E6B0CBB00F849A1 /* RxSwift.framework.dSYM */ = {isa = PBXFileReference; lastKnownFileType = wrapper.dsym; name = RxSwift.framework.dSYM; path = Carthage/Build/Mac/RxSwift.framework.dSYM; sourceTree = "<group>"; };
		3FBB9B411E6B0D5C00F849A1 /* RxCocoa.framework */ = {isa = PBXFileReference; lastKnownFileType = wrapper.framework; name = RxCocoa.framework; path = Carthage/Build/Mac/RxCocoa.framework; sourceTree = "<group>"; };
		3FBB9B421E6B0D5C00F849A1 /* RxSwift.framework */ = {isa = PBXFileReference; lastKnownFileType = wrapper.framework; name = RxSwift.framework; path = Carthage/Build/Mac/RxSwift.framework; sourceTree = "<group>"; };
/* End PBXFileReference section */

/* Begin PBXFrameworksBuildPhase section */
		3F97C3261E6A6F050030E861 /* Frameworks */ = {
			isa = PBXFrameworksBuildPhase;
			buildActionMask = 2147483647;
			files = (
				3FBB9B2E1E6B0BA700F849A1 /* RxCocoa.framework in Frameworks */,
				3FBB9B2F1E6B0BA700F849A1 /* RxSwift.framework in Frameworks */,
				3F63FD301E7C9C4A00CB37AA /* Alamofire.framework in Frameworks */,
				3F63FD311E7C9C4A00CB37AA /* SwiftyJSON.framework in Frameworks */,
			);
			runOnlyForDeploymentPostprocessing = 0;
		};
		3F97C3351E6A6F060030E861 /* Frameworks */ = {
			isa = PBXFrameworksBuildPhase;
			buildActionMask = 2147483647;
			files = (
			);
			runOnlyForDeploymentPostprocessing = 0;
		};
/* End PBXFrameworksBuildPhase section */

/* Begin PBXGroup section */
		3F416C171E6C90F20039BCE6 /* Controller */ = {
			isa = PBXGroup;
			children = (
				3F416C181E6C910E0039BCE6 /* PreferencesController.swift */,
			);
			name = Controller;
			sourceTree = "<group>";
		};
		3F63FD241E7B6C3E00CB37AA /* View */ = {
			isa = PBXGroup;
			children = (
				3F63FD251E7B6C5A00CB37AA /* InputTextField.swift */,
			);
			name = View;
			sourceTree = "<group>";
		};
		3F63FD281E7B76BA00CB37AA /* Utility */ = {
			isa = PBXGroup;
			children = (
				3F63FD291E7B770F00CB37AA /* DigitOnlyFormatter.swift */,
			);
			name = Utility;
			sourceTree = "<group>";
		};
		3F63FD2B1E7C87D200CB37AA /* Networking */ = {
			isa = PBXGroup;
			children = (
				3F63FD2C1E7C881B00CB37AA /* RequestManager.swift */,
			);
			name = Networking;
			sourceTree = "<group>";
		};
		3F97C3201E6A6F050030E861 = {
			isa = PBXGroup;
			children = (
				3F63FD3A1E7C9C6300CB37AA /* Alamofire.framework */,
				3F63FD3B1E7C9C6300CB37AA /* SwiftyJSON.framework */,
				3F63FD361E7C9C5B00CB37AA /* Alamofire.framework.dSYM */,
				3F63FD371E7C9C5B00CB37AA /* SwiftyJSON.framework.dSYM */,
				3F63FD321E7C9C5400CB37AA /* Alamofire.framework.dSYM */,
				3F63FD331E7C9C5400CB37AA /* SwiftyJSON.framework.dSYM */,
				3F97C32B1E6A6F060030E861 /* Tekky */,
				3F97C33B1E6A6F060030E861 /* TekkyUITests */,
				3F97C32A1E6A6F060030E861 /* Products */,
				3FBB9B281E6B0BA700F849A1 /* Frameworks */,
			);
			sourceTree = "<group>";
		};
		3F97C32A1E6A6F060030E861 /* Products */ = {
			isa = PBXGroup;
			children = (
				3F97C3291E6A6F060030E861 /* Tekky.app */,
				3F97C3381E6A6F060030E861 /* TekkyUITests.xctest */,
			);
			name = Products;
			sourceTree = "<group>";
		};
		3F97C32B1E6A6F060030E861 /* Tekky */ = {
			isa = PBXGroup;
			children = (
				3F63FD271E7B729300CB37AA /* Tekky.entitlements */,
				3F97C32C1E6A6F060030E861 /* AppDelegate.swift */,
				3F416C171E6C90F20039BCE6 /* Controller */,
				3F63FD2B1E7C87D200CB37AA /* Networking */,
				3F63FD281E7B76BA00CB37AA /* Utility */,
				3F63FD241E7B6C3E00CB37AA /* View */,
				3F97C32E1E6A6F060030E861 /* Assets.xcassets */,
				3F97C3301E6A6F060030E861 /* MainMenu.xib */,
				3F97C3331E6A6F060030E861 /* Info.plist */,
				3F416C1A1E6C917A0039BCE6 /* Preferences.plist */,
			);
			path = Tekky;
			sourceTree = "<group>";
		};
		3F97C33B1E6A6F060030E861 /* TekkyUITests */ = {
			isa = PBXGroup;
			children = (
				3F97C33C1E6A6F060030E861 /* TekkyUITests.swift */,
				3F97C33E1E6A6F060030E861 /* Info.plist */,
			);
			path = TekkyUITests;
			sourceTree = "<group>";
		};
		3FBB9B281E6B0BA700F849A1 /* Frameworks */ = {
			isa = PBXGroup;
			children = (
				3F63FD2E1E7C9C4A00CB37AA /* Alamofire.framework */,
				3F63FD2F1E7C9C4A00CB37AA /* SwiftyJSON.framework */,
				3FBB9B411E6B0D5C00F849A1 /* RxCocoa.framework */,
				3FBB9B421E6B0D5C00F849A1 /* RxSwift.framework */,
				3FBB9B3A1E6B0CBB00F849A1 /* RxCocoa.framework.dSYM */,
				3FBB9B3B1E6B0CBB00F849A1 /* RxSwift.framework.dSYM */,
				3FBB9B321E6B0BF500F849A1 /* RxBlocking.framework.dSYM */,
				3FBB9B331E6B0BF500F849A1 /* RxCocoa.framework.dSYM */,
				3FBB9B341E6B0BF500F849A1 /* RxSwift.framework.dSYM */,
				3FBB9B351E6B0BF500F849A1 /* RxTest.framework.dSYM */,
				3FBB9B291E6B0BA700F849A1 /* RxBlocking.framework */,
				3FBB9B2A1E6B0BA700F849A1 /* RxCocoa.framework */,
				3FBB9B2B1E6B0BA700F849A1 /* RxSwift.framework */,
				3FBB9B2C1E6B0BA700F849A1 /* RxTest.framework */,
			);
			name = Frameworks;
			sourceTree = "<group>";
		};
/* End PBXGroup section */

/* Begin PBXNativeTarget section */
		3F97C3281E6A6F050030E861 /* Tekky */ = {
			isa = PBXNativeTarget;
			buildConfigurationList = 3F97C3411E6A6F060030E861 /* Build configuration list for PBXNativeTarget "Tekky" */;
			buildPhases = (
				3F97C3251E6A6F050030E861 /* Sources */,
				3F97C3261E6A6F050030E861 /* Frameworks */,
				3F97C3271E6A6F050030E861 /* Resources */,
				3FBB9B261E6B0AD700F849A1 /* ShellScript */,
				3FBB9B271E6B0AFE00F849A1 /* ShellScript */,
				3FBB9B311E6B0BE800F849A1 /* CopyFiles */,
				3FBB9B401E6B0D4500F849A1 /* CopyFiles */,
			);
			buildRules = (
			);
			dependencies = (
			);
			name = Tekky;
			productName = Tekky;
			productReference = 3F97C3291E6A6F060030E861 /* Tekky.app */;
			productType = "com.apple.product-type.application";
		};
		3F97C3371E6A6F060030E861 /* TekkyUITests */ = {
			isa = PBXNativeTarget;
			buildConfigurationList = 3F97C3441E6A6F060030E861 /* Build configuration list for PBXNativeTarget "TekkyUITests" */;
			buildPhases = (
				3F97C3341E6A6F060030E861 /* Sources */,
				3F97C3351E6A6F060030E861 /* Frameworks */,
				3F97C3361E6A6F060030E861 /* Resources */,
			);
			buildRules = (
			);
			dependencies = (
				3F97C33A1E6A6F060030E861 /* PBXTargetDependency */,
			);
			name = TekkyUITests;
			productName = TekkyUITests;
			productReference = 3F97C3381E6A6F060030E861 /* TekkyUITests.xctest */;
			productType = "com.apple.product-type.bundle.ui-testing";
		};
/* End PBXNativeTarget section */

/* Begin PBXProject section */
		3F97C3211E6A6F050030E861 /* Project object */ = {
			isa = PBXProject;
			attributes = {
				LastSwiftUpdateCheck = 0820;
				LastUpgradeCheck = 0820;
				ORGANIZATIONNAME = "Jeremy Rea";
				TargetAttributes = {
					3F97C3281E6A6F050030E861 = {
						CreatedOnToolsVersion = 8.2.1;
						DevelopmentTeam = XN83SCYFG2;
						ProvisioningStyle = Automatic;
						SystemCapabilities = {
							com.apple.Sandbox = {
								enabled = 1;
							};
						};
					};
					3F97C3371E6A6F060030E861 = {
						CreatedOnToolsVersion = 8.2.1;
						DevelopmentTeam = XN83SCYFG2;
						ProvisioningStyle = Automatic;
						TestTargetID = 3F97C3281E6A6F050030E861;
					};
				};
			};
			buildConfigurationList = 3F97C3241E6A6F050030E861 /* Build configuration list for PBXProject "Tekky" */;
			compatibilityVersion = "Xcode 3.2";
			developmentRegion = English;
			hasScannedForEncodings = 0;
			knownRegions = (
				en,
				Base,
			);
			mainGroup = 3F97C3201E6A6F050030E861;
			productRefGroup = 3F97C32A1E6A6F060030E861 /* Products */;
			projectDirPath = "";
			projectRoot = "";
			targets = (
				3F97C3281E6A6F050030E861 /* Tekky */,
				3F97C3371E6A6F060030E861 /* TekkyUITests */,
			);
		};
/* End PBXProject section */

/* Begin PBXResourcesBuildPhase section */
		3F97C3271E6A6F050030E861 /* Resources */ = {
			isa = PBXResourcesBuildPhase;
			buildActionMask = 2147483647;
			files = (
				3F97C32F1E6A6F060030E861 /* Assets.xcassets in Resources */,
				3F97C3321E6A6F060030E861 /* MainMenu.xib in Resources */,
				3F416C1B1E6C917A0039BCE6 /* Preferences.plist in Resources */,
				3FBB9B3C1E6B0CBB00F849A1 /* RxCocoa.framework.dSYM in Resources */,
				3F63FD341E7C9C5400CB37AA /* Alamofire.framework.dSYM in Resources */,
				3F63FD351E7C9C5400CB37AA /* SwiftyJSON.framework.dSYM in Resources */,
				3FBB9B3D1E6B0CBB00F849A1 /* RxSwift.framework.dSYM in Resources */,
			);
			runOnlyForDeploymentPostprocessing = 0;
		};
		3F97C3361E6A6F060030E861 /* Resources */ = {
			isa = PBXResourcesBuildPhase;
			buildActionMask = 2147483647;
			files = (
			);
			runOnlyForDeploymentPostprocessing = 0;
		};
/* End PBXResourcesBuildPhase section */

/* Begin PBXShellScriptBuildPhase section */
		3FBB9B261E6B0AD700F849A1 /* ShellScript */ = {
			isa = PBXShellScriptBuildPhase;
			buildActionMask = 2147483647;
			files = (
			);
			inputPaths = (
			);
			outputPaths = (
			);
			runOnlyForDeploymentPostprocessing = 0;
			shellPath = /bin/sh;
			shellScript = "/usr/local/bin/carthage copy-frameworks";
		};
		3FBB9B271E6B0AFE00F849A1 /* ShellScript */ = {
			isa = PBXShellScriptBuildPhase;
			buildActionMask = 2147483647;
			files = (
			);
			inputPaths = (
			);
			outputPaths = (
			);
			runOnlyForDeploymentPostprocessing = 0;
			shellPath = /bin/sh;
			shellScript = "if which swiftlint >/dev/null; then\nswiftlint\nelse\necho \"warning: SwiftLint not installed, download from https://github.com/realm/SwiftLint\"\nfi";
		};
/* End PBXShellScriptBuildPhase section */

/* Begin PBXSourcesBuildPhase section */
		3F97C3251E6A6F050030E861 /* Sources */ = {
			isa = PBXSourcesBuildPhase;
			buildActionMask = 2147483647;
			files = (
				3F63FD2D1E7C881B00CB37AA /* RequestManager.swift in Sources */,
				3F416C191E6C910E0039BCE6 /* PreferencesController.swift in Sources */,
				3F63FD261E7B6C5A00CB37AA /* InputTextField.swift in Sources */,
				3F63FD2A1E7B770F00CB37AA /* DigitOnlyFormatter.swift in Sources */,
				3F97C32D1E6A6F060030E861 /* AppDelegate.swift in Sources */,
			);
			runOnlyForDeploymentPostprocessing = 0;
		};
		3F97C3341E6A6F060030E861 /* Sources */ = {
			isa = PBXSourcesBuildPhase;
			buildActionMask = 2147483647;
			files = (
				3F97C33D1E6A6F060030E861 /* TekkyUITests.swift in Sources */,
			);
			runOnlyForDeploymentPostprocessing = 0;
		};
/* End PBXSourcesBuildPhase section */

/* Begin PBXTargetDependency section */
		3F97C33A1E6A6F060030E861 /* PBXTargetDependency */ = {
			isa = PBXTargetDependency;
			target = 3F97C3281E6A6F050030E861 /* Tekky */;
			targetProxy = 3F97C3391E6A6F060030E861 /* PBXContainerItemProxy */;
		};
/* End PBXTargetDependency section */

/* Begin PBXVariantGroup section */
		3F97C3301E6A6F060030E861 /* MainMenu.xib */ = {
			isa = PBXVariantGroup;
			children = (
				3F97C3311E6A6F060030E861 /* Base */,
			);
			name = MainMenu.xib;
			sourceTree = "<group>";
		};
/* End PBXVariantGroup section */

/* Begin XCBuildConfiguration section */
		3F97C33F1E6A6F060030E861 /* Debug */ = {
			isa = XCBuildConfiguration;
			buildSettings = {
				ALWAYS_SEARCH_USER_PATHS = NO;
				CLANG_ANALYZER_NONNULL = YES;
				CLANG_CXX_LANGUAGE_STANDARD = "gnu++0x";
				CLANG_CXX_LIBRARY = "libc++";
				CLANG_ENABLE_MODULES = YES;
				CLANG_ENABLE_OBJC_ARC = YES;
				CLANG_WARN_BOOL_CONVERSION = YES;
				CLANG_WARN_CONSTANT_CONVERSION = YES;
				CLANG_WARN_DIRECT_OBJC_ISA_USAGE = YES_ERROR;
				CLANG_WARN_DOCUMENTATION_COMMENTS = YES;
				CLANG_WARN_EMPTY_BODY = YES;
				CLANG_WARN_ENUM_CONVERSION = YES;
				CLANG_WARN_INFINITE_RECURSION = YES;
				CLANG_WARN_INT_CONVERSION = YES;
				CLANG_WARN_OBJC_ROOT_CLASS = YES_ERROR;
				CLANG_WARN_SUSPICIOUS_MOVE = YES;
				CLANG_WARN_UNREACHABLE_CODE = YES;
				CLANG_WARN__DUPLICATE_METHOD_MATCH = YES;
				CODE_SIGN_IDENTITY = "-";
				COPY_PHASE_STRIP = NO;
				DEBUG_INFORMATION_FORMAT = dwarf;
				ENABLE_STRICT_OBJC_MSGSEND = YES;
				ENABLE_TESTABILITY = YES;
				GCC_C_LANGUAGE_STANDARD = gnu99;
				GCC_DYNAMIC_NO_PIC = NO;
				GCC_NO_COMMON_BLOCKS = YES;
				GCC_OPTIMIZATION_LEVEL = 0;
				GCC_PREPROCESSOR_DEFINITIONS = (
					"DEBUG=1",
					"$(inherited)",
				);
				GCC_WARN_64_TO_32_BIT_CONVERSION = YES;
				GCC_WARN_ABOUT_RETURN_TYPE = YES_ERROR;
				GCC_WARN_UNDECLARED_SELECTOR = YES;
				GCC_WARN_UNINITIALIZED_AUTOS = YES_AGGRESSIVE;
				GCC_WARN_UNUSED_FUNCTION = YES;
				GCC_WARN_UNUSED_VARIABLE = YES;
				MACOSX_DEPLOYMENT_TARGET = 10.12;
				MTL_ENABLE_DEBUG_INFO = YES;
				ONLY_ACTIVE_ARCH = YES;
				SDKROOT = macosx;
				SWIFT_ACTIVE_COMPILATION_CONDITIONS = DEBUG;
				SWIFT_OPTIMIZATION_LEVEL = "-Onone";
			};
			name = Debug;
		};
		3F97C3401E6A6F060030E861 /* Release */ = {
			isa = XCBuildConfiguration;
			buildSettings = {
				ALWAYS_SEARCH_USER_PATHS = NO;
				CLANG_ANALYZER_NONNULL = YES;
				CLANG_CXX_LANGUAGE_STANDARD = "gnu++0x";
				CLANG_CXX_LIBRARY = "libc++";
				CLANG_ENABLE_MODULES = YES;
				CLANG_ENABLE_OBJC_ARC = YES;
				CLANG_WARN_BOOL_CONVERSION = YES;
				CLANG_WARN_CONSTANT_CONVERSION = YES;
				CLANG_WARN_DIRECT_OBJC_ISA_USAGE = YES_ERROR;
				CLANG_WARN_DOCUMENTATION_COMMENTS = YES;
				CLANG_WARN_EMPTY_BODY = YES;
				CLANG_WARN_ENUM_CONVERSION = YES;
				CLANG_WARN_INFINITE_RECURSION = YES;
				CLANG_WARN_INT_CONVERSION = YES;
				CLANG_WARN_OBJC_ROOT_CLASS = YES_ERROR;
				CLANG_WARN_SUSPICIOUS_MOVE = YES;
				CLANG_WARN_UNREACHABLE_CODE = YES;
				CLANG_WARN__DUPLICATE_METHOD_MATCH = YES;
				CODE_SIGN_IDENTITY = "-";
				COPY_PHASE_STRIP = NO;
				DEBUG_INFORMATION_FORMAT = "dwarf-with-dsym";
				ENABLE_NS_ASSERTIONS = NO;
				ENABLE_STRICT_OBJC_MSGSEND = YES;
				GCC_C_LANGUAGE_STANDARD = gnu99;
				GCC_NO_COMMON_BLOCKS = YES;
				GCC_WARN_64_TO_32_BIT_CONVERSION = YES;
				GCC_WARN_ABOUT_RETURN_TYPE = YES_ERROR;
				GCC_WARN_UNDECLARED_SELECTOR = YES;
				GCC_WARN_UNINITIALIZED_AUTOS = YES_AGGRESSIVE;
				GCC_WARN_UNUSED_FUNCTION = YES;
				GCC_WARN_UNUSED_VARIABLE = YES;
				MACOSX_DEPLOYMENT_TARGET = 10.12;
				MTL_ENABLE_DEBUG_INFO = NO;
				SDKROOT = macosx;
				SWIFT_OPTIMIZATION_LEVEL = "-Owholemodule";
			};
			name = Release;
		};
		3F97C3421E6A6F060030E861 /* Debug */ = {
			isa = XCBuildConfiguration;
			buildSettings = {
				ASSETCATALOG_COMPILER_APPICON_NAME = AppIcon;
				CODE_SIGN_ENTITLEMENTS = Tekky/Tekky.entitlements;
				COMBINE_HIDPI_IMAGES = YES;
				DEVELOPMENT_TEAM = XN83SCYFG2;
				FRAMEWORK_SEARCH_PATHS = (
					"$(inherited)",
					"$(PROJECT_DIR)/Carthage/Build/Mac",
				);
				INFOPLIST_FILE = Tekky/Info.plist;
				LD_RUNPATH_SEARCH_PATHS = "$(inherited) @executable_path/../Frameworks";
				PRODUCT_BUNDLE_IDENTIFIER = ca.jeremyrea.Tekky;
				PRODUCT_NAME = "$(TARGET_NAME)";
				SWIFT_VERSION = 3.0;
			};
			name = Debug;
		};
		3F97C3431E6A6F060030E861 /* Release */ = {
			isa = XCBuildConfiguration;
			buildSettings = {
				ASSETCATALOG_COMPILER_APPICON_NAME = AppIcon;
				CODE_SIGN_ENTITLEMENTS = Tekky/Tekky.entitlements;
				COMBINE_HIDPI_IMAGES = YES;
				DEVELOPMENT_TEAM = XN83SCYFG2;
				FRAMEWORK_SEARCH_PATHS = (
					"$(inherited)",
					"$(PROJECT_DIR)/Carthage/Build/Mac",
				);
				INFOPLIST_FILE = Tekky/Info.plist;
				LD_RUNPATH_SEARCH_PATHS = "$(inherited) @executable_path/../Frameworks";
				PRODUCT_BUNDLE_IDENTIFIER = ca.jeremyrea.Tekky;
				PRODUCT_NAME = "$(TARGET_NAME)";
				SWIFT_VERSION = 3.0;
			};
			name = Release;
		};
		3F97C3451E6A6F060030E861 /* Debug */ = {
			isa = XCBuildConfiguration;
			buildSettings = {
				ALWAYS_EMBED_SWIFT_STANDARD_LIBRARIES = YES;
				COMBINE_HIDPI_IMAGES = YES;
				DEVELOPMENT_TEAM = XN83SCYFG2;
				INFOPLIST_FILE = TekkyUITests/Info.plist;
				LD_RUNPATH_SEARCH_PATHS = "$(inherited) @executable_path/../Frameworks @loader_path/../Frameworks";
				PRODUCT_BUNDLE_IDENTIFIER = ca.jeremyrea.TekkyUITests;
				PRODUCT_NAME = "$(TARGET_NAME)";
				SWIFT_VERSION = 3.0;
				TEST_TARGET_NAME = Tekky;
			};
			name = Debug;
		};
		3F97C3461E6A6F060030E861 /* Release */ = {
			isa = XCBuildConfiguration;
			buildSettings = {
				ALWAYS_EMBED_SWIFT_STANDARD_LIBRARIES = YES;
				COMBINE_HIDPI_IMAGES = YES;
				DEVELOPMENT_TEAM = XN83SCYFG2;
				INFOPLIST_FILE = TekkyUITests/Info.plist;
				LD_RUNPATH_SEARCH_PATHS = "$(inherited) @executable_path/../Frameworks @loader_path/../Frameworks";
				PRODUCT_BUNDLE_IDENTIFIER = ca.jeremyrea.TekkyUITests;
				PRODUCT_NAME = "$(TARGET_NAME)";
				SWIFT_VERSION = 3.0;
				TEST_TARGET_NAME = Tekky;
			};
			name = Release;
		};
/* End XCBuildConfiguration section */

/* Begin XCConfigurationList section */
		3F97C3241E6A6F050030E861 /* Build configuration list for PBXProject "Tekky" */ = {
			isa = XCConfigurationList;
			buildConfigurations = (
				3F97C33F1E6A6F060030E861 /* Debug */,
				3F97C3401E6A6F060030E861 /* Release */,
			);
			defaultConfigurationIsVisible = 0;
			defaultConfigurationName = Release;
		};
		3F97C3411E6A6F060030E861 /* Build configuration list for PBXNativeTarget "Tekky" */ = {
			isa = XCConfigurationList;
			buildConfigurations = (
				3F97C3421E6A6F060030E861 /* Debug */,
				3F97C3431E6A6F060030E861 /* Release */,
			);
			defaultConfigurationIsVisible = 0;
			defaultConfigurationName = Release;
		};
		3F97C3441E6A6F060030E861 /* Build configuration list for PBXNativeTarget "TekkyUITests" */ = {
			isa = XCConfigurationList;
			buildConfigurations = (
				3F97C3451E6A6F060030E861 /* Debug */,
				3F97C3461E6A6F060030E861 /* Release */,
			);
			defaultConfigurationIsVisible = 0;
			defaultConfigurationName = Release;
		};
/* End XCConfigurationList section */
	};
	rootObject = 3F97C3211E6A6F050030E861 /* Project object */;
}
